
Microsoft Visual Studio Solution File, Format Version 12.00
# Visual Studio Version 17
VisualStudioVersion = 17.14.36717.8
MinimumVisualStudioVersion = 10.0.40219.1
Project("{FAE04EC0-301F-11D3-BF4B-00C04F79EFBC}") = "TodoAPI", "TodoAPI\TodoAPI.csproj", "{07B631B8-E3EB-4B82-8DDB-22BB42E68573}"
EndProject
Global
	GlobalSection(SolutionConfigurationPlatforms) = preSolution
		Debug|Any CPU = Debug|Any CPU
		Release|Any CPU = Release|Any CPU
	EndGlobalSection
	GlobalSection(ProjectConfigurationPlatforms) = postSolution
		{07B631B8-E3EB-4B82-8DDB-22BB42E68573}.Debug|Any CPU.ActiveCfg = Debug|Any CPU
		{07B631B8-E3EB-4B82-8DDB-22BB42E68573}.Debug|Any CPU.Build.0 = Debug|Any CPU
		{07B631B8-E3EB-4B82-8DDB-22BB42E68573}.Release|Any CPU.ActiveCfg = Release|Any CPU
		{07B631B8-E3EB-4B82-8DDB-22BB42E68573}.Release|Any CPU.Build.0 = Release|Any CPU
	EndGlobalSection
	GlobalSection(SolutionProperties) = preSolution
		HideSolutionNode = FALSE
	EndGlobalSection
	GlobalSection(ExtensibilityGlobals) = postSolution
		SolutionGuid = {BD09772C-7E17-45D6-9A4B-9161B76E2E11}
	EndGlobalSection
EndGlobal
